
Microsoft Visual Studio Solution File, Format Version 12.00
Project("{FAE04EC0-301F-11D3-BF4B-00C04F79EFBC}") = "ME2PatchLoader", "ME2PatchLoader\ME2PatchLoader.csproj", "{0E772614-DCEC-4DD6-B744-FACCA23D63E5}"
EndProject
Project("{FAE04EC0-301F-11D3-BF4B-00C04F79EFBC}") = "MoreSelectionLocations", "MoreSelectionLocations\MoreSelectionLocations.csproj", "{58A95939-D1D3-4CD4-BFDC-52D821F116E0}"
EndProject
Global
	GlobalSection(SolutionConfigurationPlatforms) = preSolution
		Debug|Any CPU = Debug|Any CPU
		Release|Any CPU = Release|Any CPU
	EndGlobalSection
	GlobalSection(ProjectConfigurationPlatforms) = postSolution
		{0E772614-DCEC-4DD6-B744-FACCA23D63E5}.Debug|Any CPU.ActiveCfg = Debug|Any CPU
		{0E772614-DCEC-4DD6-B744-FACCA23D63E5}.Debug|Any CPU.Build.0 = Debug|Any CPU
		{0E772614-DCEC-4DD6-B744-FACCA23D63E5}.Release|Any CPU.ActiveCfg = Release|Any CPU
		{0E772614-DCEC-4DD6-B744-FACCA23D63E5}.Release|Any CPU.Build.0 = Release|Any CPU
		{58A95939-D1D3-4CD4-BFDC-52D821F116E0}.Debug|Any CPU.ActiveCfg = Debug|Any CPU
		{58A95939-D1D3-4CD4-BFDC-52D821F116E0}.Debug|Any CPU.Build.0 = Debug|Any CPU
		{58A95939-D1D3-4CD4-BFDC-52D821F116E0}.Release|Any CPU.ActiveCfg = Release|Any CPU
		{58A95939-D1D3-4CD4-BFDC-52D821F116E0}.Release|Any CPU.Build.0 = Release|Any CPU
	EndGlobalSection
EndGlobal
